Microsoft Visual Studio Solution File, Format Version 11.00
# Visual Studio 2010
Project("{2150E333-8FDC-42A3-9474-1A3956D46DE8}") = "ClientLibraries", "ClientLibraries", "{2CC8907D-E464-4D34-8C5F-6270F0DD77D0}"
EndProject
Project("{2150E333-8FDC-42A3-9474-1A3956D46DE8}") = "PHP", "PHP", "{EB8DDFD8-2F1E-4158-A644-D9E3D30C602C}"
EndProject
Project("{2150E333-8FDC-42A3-9474-1A3956D46DE8}") = ".NET", ".NET", "{84AED465-42F9-4B32-9673-8E948495C230}"
EndProject
Project("{2150E333-8FDC-42A3-9474-1A3956D46DE8}") = "C_C++", "C_C++", "{CCDEC1AD-0ACA-4CE7-84A3-161811E113C4}"
EndProject
Project("{2150E333-8FDC-42A3-9474-1A3956D46DE8}") = "Tools", "Tools", "{00392A7C-DA4D-4206-BA39-26C856220C8A}"
EndProject
Project("{8BC9CEB8-8B4A-11D0-8D11-00A0C91BC942}") = "Jedox.Palo.Comm", "Jedox.Palo.Comm\Jedox.Palo.Comm.vcxproj", "{B35E77AD-2347-42EE-BEA1-2F183B001B21}"
	ProjectSection(ProjectDependencies) = postProject
		{A411CAA4-1CEF-4FF7-B8C0-557EED6AC513} = {A411CAA4-1CEF-4FF7-B8C0-557EED6AC513}
	EndProjectSection
EndProject
Project("{8BC9CEB8-8B4A-11D0-8D11-00A0C91BC942}") = "libpalo2", "libpalo2\libpalo2.vcxproj", "{C236A156-1427-46C4-AF2A-CDF0CC93C876}"
	ProjectSection(ProjectDependencies) = postProject
		{A411CAA4-1CEF-4FF7-B8C0-557EED6AC513} = {A411CAA4-1CEF-4FF7-B8C0-557EED6AC513}
	EndProjectSection
EndProject
Project("{8BC9CEB8-8B4A-11D0-8D11-00A0C91BC942}") = "libpalo_ng", "libpalo_ng\libpalo_ng.vcxproj", "{3714B0BE-2804-4CB8-8726-A268BDB92315}"
EndProject
Project("{8BC9CEB8-8B4A-11D0-8D11-00A0C91BC942}") = "PaloSpreadsheetFuncs", "PaloSpreadsheetFuncs\PaloSpreadsheetFuncs.vcxproj", "{EAE14674-7F66-43BA-BAB2-2255F2632ACA}"
	ProjectSection(ProjectDependencies) = postProject
		{3714B0BE-2804-4CB8-8726-A268BDB92315} = {3714B0BE-2804-4CB8-8726-A268BDB92315}
	EndProjectSection
EndProject
Project("{8BC9CEB8-8B4A-11D0-8D11-00A0C91BC942}") = "PHPPalo", "PHPPalo\PHPPalo.vcxproj", "{DA971D87-F53A-410D-AFA5-16E445E11657}"
	ProjectSection(ProjectDependencies) = postProject
		{811C96AB-6DA6-4594-9A4D-2C9C776B4F14} = {811C96AB-6DA6-4594-9A4D-2C9C776B4F14}
		{4914EDFB-935B-4017-B884-E19052C0C20A} = {4914EDFB-935B-4017-B884-E19052C0C20A}
	EndProjectSection
EndProject
Project("{FAE04EC0-301F-11D3-BF4B-00C04F79EFBC}") = "XMLTransform", "Tools\XMLTransform\XMLTransform.csproj", "{811C96AB-6DA6-4594-9A4D-2C9C776B4F14}"
EndProject
Project("{FAE04EC0-301F-11D3-BF4B-00C04F79EFBC}") = "XMLValidate", "Tools\XMLValidate\XMLValidate.csproj", "{4914EDFB-935B-4017-B884-E19052C0C20A}"
EndProject
Project("{8BC9CEB8-8B4A-11D0-8D11-00A0C91BC942}") = "JedoxXlHelper", "JedoxXlHelper\JedoxXlHelper.vcxproj", "{A411CAA4-1CEF-4FF7-B8C0-557EED6AC513}"
EndProject
Project("{2150E333-8FDC-42A3-9474-1A3956D46DE8}") = "Test", "Test", "{D2978554-EC99-4CD7-BE22-A503CB761725}"
EndProject
Project("{FAE04EC0-301F-11D3-BF4B-00C04F79EFBC}") = "NetClient", "Test\NetClient\NetClient.csproj", "{9194A736-8403-4920-81D7-2BA1CDE6FC60}"
EndProject
Global
	GlobalSection(SolutionConfigurationPlatforms) = preSolution
		Debug|Any CPU = Debug|Any CPU
		Debug|Win32 = Debug|Win32
		Debug|x64 = Debug|x64
		Release|Any CPU = Release|Any CPU
		Release|Win32 = Release|Win32
		Release|x64 = Release|x64
	EndGlobalSection
	GlobalSection(ProjectConfigurationPlatforms) = postSolution
		{B35E77AD-2347-42EE-BEA1-2F183B001B21}.Debug|Any CPU.ActiveCfg = Debug|Win32
		{B35E77AD-2347-42EE-BEA1-2F183B001B21}.Debug|Win32.ActiveCfg = Debug|Win32
		{B35E77AD-2347-42EE-BEA1-2F183B001B21}.Debug|Win32.Build.0 = Debug|Win32
		{B35E77AD-2347-42EE-BEA1-2F183B001B21}.Debug|x64.ActiveCfg = Debug|x64
		{B35E77AD-2347-42EE-BEA1-2F183B001B21}.Debug|x64.Build.0 = Debug|x64
		{B35E77AD-2347-42EE-BEA1-2F183B001B21}.Release|Any CPU.ActiveCfg = Release|Win32
		{B35E77AD-2347-42EE-BEA1-2F183B001B21}.Release|Win32.ActiveCfg = Release|Win32
		{B35E77AD-2347-42EE-BEA1-2F183B001B21}.Release|Win32.Build.0 = Release|Win32
		{B35E77AD-2347-42EE-BEA1-2F183B001B21}.Release|x64.ActiveCfg = Release|x64
		{B35E77AD-2347-42EE-BEA1-2F183B001B21}.Release|x64.Build.0 = Release|x64
		{C236A156-1427-46C4-AF2A-CDF0CC93C876}.Debug|Any CPU.ActiveCfg = Debug|Win32
		{C236A156-1427-46C4-AF2A-CDF0CC93C876}.Debug|Win32.ActiveCfg = Debug|Win32
		{C236A156-1427-46C4-AF2A-CDF0CC93C876}.Debug|Win32.Build.0 = Debug|Win32
		{C236A156-1427-46C4-AF2A-CDF0CC93C876}.Debug|x64.ActiveCfg = Debug|x64
		{C236A156-1427-46C4-AF2A-CDF0CC93C876}.Debug|x64.Build.0 = Debug|x64
		{C236A156-1427-46C4-AF2A-CDF0CC93C876}.Release|Any CPU.ActiveCfg = Release|Win32
		{C236A156-1427-46C4-AF2A-CDF0CC93C876}.Release|Win32.ActiveCfg = Release|Win32
		{C236A156-1427-46C4-AF2A-CDF0CC93C876}.Release|Win32.Build.0 = Release|Win32
		{C236A156-1427-46C4-AF2A-CDF0CC93C876}.Release|x64.ActiveCfg = Release|x64
		{C236A156-1427-46C4-AF2A-CDF0CC93C876}.Release|x64.Build.0 = Release|x64
		{3714B0BE-2804-4CB8-8726-A268BDB92315}.Debug|Any CPU.ActiveCfg = Debug|Win32
		{3714B0BE-2804-4CB8-8726-A268BDB92315}.Debug|Win32.ActiveCfg = Debug|Win32
		{3714B0BE-2804-4CB8-8726-A268BDB92315}.Debug|Win32.Build.0 = Debug|Win32
		{3714B0BE-2804-4CB8-8726-A268BDB92315}.Debug|x64.ActiveCfg = Debug|x64
		{3714B0BE-2804-4CB8-8726-A268BDB92315}.Debug|x64.Build.0 = Debug|x64
		{3714B0BE-2804-4CB8-8726-A268BDB92315}.Release|Any CPU.ActiveCfg = Release|Win32
		{3714B0BE-2804-4CB8-8726-A268BDB92315}.Release|Win32.ActiveCfg = Release|Win32
		{3714B0BE-2804-4CB8-8726-A268BDB92315}.Release|Win32.Build.0 = Release|Win32
		{3714B0BE-2804-4CB8-8726-A268BDB92315}.Release|x64.ActiveCfg = Release|x64
		{3714B0BE-2804-4CB8-8726-A268BDB92315}.Release|x64.Build.0 = Release|x64
		{EAE14674-7F66-43BA-BAB2-2255F2632ACA}.Debug|Any CPU.ActiveCfg = Debug|Win32
		{EAE14674-7F66-43BA-BAB2-2255F2632ACA}.Debug|Win32.ActiveCfg = Debug|Win32
		{EAE14674-7F66-43BA-BAB2-2255F2632ACA}.Debug|Win32.Build.0 = Debug|Win32
		{EAE14674-7F66-43BA-BAB2-2255F2632ACA}.Debug|x64.ActiveCfg = Debug|x64
		{EAE14674-7F66-43BA-BAB2-2255F2632ACA}.Debug|x64.Build.0 = Debug|x64
		{EAE14674-7F66-43BA-BAB2-2255F2632ACA}.Release|Any CPU.ActiveCfg = Release|Win32
		{EAE14674-7F66-43BA-BAB2-2255F2632ACA}.Release|Win32.ActiveCfg = Release|Win32
		{EAE14674-7F66-43BA-BAB2-2255F2632ACA}.Release|Win32.Build.0 = Release|Win32
		{EAE14674-7F66-43BA-BAB2-2255F2632ACA}.Release|x64.ActiveCfg = Release|x64
		{EAE14674-7F66-43BA-BAB2-2255F2632ACA}.Release|x64.Build.0 = Release|x64
		{DA971D87-F53A-410D-AFA5-16E445E11657}.Debug|Any CPU.ActiveCfg = Debug|Win32
		{DA971D87-F53A-410D-AFA5-16E445E11657}.Debug|Win32.ActiveCfg = Debug|Win32
		{DA971D87-F53A-410D-AFA5-16E445E11657}.Debug|Win32.Build.0 = Debug|Win32
		{DA971D87-F53A-410D-AFA5-16E445E11657}.Debug|x64.ActiveCfg = Debug|x64
		{DA971D87-F53A-410D-AFA5-16E445E11657}.Debug|x64.Build.0 = Debug|x64
		{DA971D87-F53A-410D-AFA5-16E445E11657}.Release|Any CPU.ActiveCfg = Release|Win32
		{DA971D87-F53A-410D-AFA5-16E445E11657}.Release|Win32.ActiveCfg = Release|Win32
		{DA971D87-F53A-410D-AFA5-16E445E11657}.Release|Win32.Build.0 = Release|Win32
		{DA971D87-F53A-410D-AFA5-16E445E11657}.Release|x64.ActiveCfg = Release|x64
		{DA971D87-F53A-410D-AFA5-16E445E11657}.Release|x64.Build.0 = Release|x64
		{811C96AB-6DA6-4594-9A4D-2C9C776B4F14}.Debug|Any CPU.ActiveCfg = Debug|Any CPU
		{811C96AB-6DA6-4594-9A4D-2C9C776B4F14}.Debug|Any CPU.Build.0 = Debug|Any CPU
		{811C96AB-6DA6-4594-9A4D-2C9C776B4F14}.Debug|Win32.ActiveCfg = Release|Any CPU
		{811C96AB-6DA6-4594-9A4D-2C9C776B4F14}.Debug|Win32.Build.0 = Release|Any CPU
		{811C96AB-6DA6-4594-9A4D-2C9C776B4F14}.Debug|x64.ActiveCfg = Release|Any CPU
		{811C96AB-6DA6-4594-9A4D-2C9C776B4F14}.Debug|x64.Build.0 = Release|Any CPU
		{811C96AB-6DA6-4594-9A4D-2C9C776B4F14}.Release|Any CPU.ActiveCfg = Release|Any CPU
		{811C96AB-6DA6-4594-9A4D-2C9C776B4F14}.Release|Any CPU.Build.0 = Release|Any CPU
		{811C96AB-6DA6-4594-9A4D-2C9C776B4F14}.Release|Win32.ActiveCfg = Release|Any CPU
		{811C96AB-6DA6-4594-9A4D-2C9C776B4F14}.Release|Win32.Build.0 = Release|Any CPU
		{811C96AB-6DA6-4594-9A4D-2C9C776B4F14}.Release|x64.ActiveCfg = Release|Any CPU
		{811C96AB-6DA6-4594-9A4D-2C9C776B4F14}.Release|x64.Build.0 = Release|Any CPU
		{4914EDFB-935B-4017-B884-E19052C0C20A}.Debug|Any CPU.ActiveCfg = Debug|Any CPU
		{4914EDFB-935B-4017-B884-E19052C0C20A}.Debug|Any CPU.Build.0 = Debug|Any CPU
		{4914EDFB-935B-4017-B884-E19052C0C20A}.Debug|Win32.ActiveCfg = Release|Any CPU
		{4914EDFB-935B-4017-B884-E19052C0C20A}.Debug|Win32.Build.0 = Release|Any CPU
		{4914EDFB-935B-4017-B884-E19052C0C20A}.Debug|x64.ActiveCfg = Release|Any CPU
		{4914EDFB-935B-4017-B884-E19052C0C20A}.Debug|x64.Build.0 = Release|Any CPU
		{4914EDFB-935B-4017-B884-E19052C0C20A}.Release|Any CPU.ActiveCfg = Release|Any CPU
		{4914EDFB-935B-4017-B884-E19052C0C20A}.Release|Any CPU.Build.0 = Release|Any CPU
		{4914EDFB-935B-4017-B884-E19052C0C20A}.Release|Win32.ActiveCfg = Release|Any CPU
		{4914EDFB-935B-4017-B884-E19052C0C20A}.Release|Win32.Build.0 = Release|Any CPU
		{4914EDFB-935B-4017-B884-E19052C0C20A}.Release|x64.ActiveCfg = Release|Any CPU
		{4914EDFB-935B-4017-B884-E19052C0C20A}.Release|x64.Build.0 = Release|Any CPU
		{A411CAA4-1CEF-4FF7-B8C0-557EED6AC513}.Debug|Any CPU.ActiveCfg = Debug|Win32
		{A411CAA4-1CEF-4FF7-B8C0-557EED6AC513}.Debug|Win32.ActiveCfg = Debug|Win32
		{A411CAA4-1CEF-4FF7-B8C0-557EED6AC513}.Debug|Win32.Build.0 = Debug|Win32
		{A411CAA4-1CEF-4FF7-B8C0-557EED6AC513}.Debug|x64.ActiveCfg = Debug|x64
		{A411CAA4-1CEF-4FF7-B8C0-557EED6AC513}.Debug|x64.Build.0 = Debug|x64
		{A411CAA4-1CEF-4FF7-B8C0-557EED6AC513}.Release|Any CPU.ActiveCfg = Release|Win32
		{A411CAA4-1CEF-4FF7-B8C0-557EED6AC513}.Release|Win32.ActiveCfg = Release|Win32
		{A411CAA4-1CEF-4FF7-B8C0-557EED6AC513}.Release|Win32.Build.0 = Release|Win32
		{A411CAA4-1CEF-4FF7-B8C0-557EED6AC513}.Release|x64.ActiveCfg = Release|x64
		{A411CAA4-1CEF-4FF7-B8C0-557EED6AC513}.Release|x64.Build.0 = Release|x64
		{9194A736-8403-4920-81D7-2BA1CDE6FC60}.Debug|Any CPU.ActiveCfg = Debug|Any CPU
		{9194A736-8403-4920-81D7-2BA1CDE6FC60}.Debug|Any CPU.Build.0 = Debug|Any CPU
		{9194A736-8403-4920-81D7-2BA1CDE6FC60}.Debug|Win32.ActiveCfg = Debug|Any CPU
		{9194A736-8403-4920-81D7-2BA1CDE6FC60}.Debug|x64.ActiveCfg = Debug|Any CPU
		{9194A736-8403-4920-81D7-2BA1CDE6FC60}.Release|Any CPU.ActiveCfg = Release|Any CPU
		{9194A736-8403-4920-81D7-2BA1CDE6FC60}.Release|Any CPU.Build.0 = Release|Any CPU
		{9194A736-8403-4920-81D7-2BA1CDE6FC60}.Release|Win32.ActiveCfg = Release|Any CPU
		{9194A736-8403-4920-81D7-2BA1CDE6FC60}.Release|x64.ActiveCfg = Release|Any CPU
	EndGlobalSection
	GlobalSection(SolutionProperties) = preSolution
		HideSolutionNode = FALSE
	EndGlobalSection
	GlobalSection(NestedProjects) = preSolution
		{EB8DDFD8-2F1E-4158-A644-D9E3D30C602C} = {2CC8907D-E464-4D34-8C5F-6270F0DD77D0}
		{84AED465-42F9-4B32-9673-8E948495C230} = {2CC8907D-E464-4D34-8C5F-6270F0DD77D0}
		{CCDEC1AD-0ACA-4CE7-84A3-161811E113C4} = {2CC8907D-E464-4D34-8C5F-6270F0DD77D0}
		{DA971D87-F53A-410D-AFA5-16E445E11657} = {EB8DDFD8-2F1E-4158-A644-D9E3D30C602C}
		{B35E77AD-2347-42EE-BEA1-2F183B001B21} = {84AED465-42F9-4B32-9673-8E948495C230}
		{C236A156-1427-46C4-AF2A-CDF0CC93C876} = {CCDEC1AD-0ACA-4CE7-84A3-161811E113C4}
		{3714B0BE-2804-4CB8-8726-A268BDB92315} = {CCDEC1AD-0ACA-4CE7-84A3-161811E113C4}
		{EAE14674-7F66-43BA-BAB2-2255F2632ACA} = {CCDEC1AD-0ACA-4CE7-84A3-161811E113C4}
		{A411CAA4-1CEF-4FF7-B8C0-557EED6AC513} = {CCDEC1AD-0ACA-4CE7-84A3-161811E113C4}
		{811C96AB-6DA6-4594-9A4D-2C9C776B4F14} = {00392A7C-DA4D-4206-BA39-26C856220C8A}
		{4914EDFB-935B-4017-B884-E19052C0C20A} = {00392A7C-DA4D-4206-BA39-26C856220C8A}
		{9194A736-8403-4920-81D7-2BA1CDE6FC60} = {D2978554-EC99-4CD7-BE22-A503CB761725}
	EndGlobalSection
EndGlobal
